
Microsoft Visual Studio Solution File, Format Version 12.00
# Visual Studio Version 17
VisualStudioVersion = 17.3.32929.385
MinimumVisualStudioVersion = 10.0.40219.1
Project("{8BC9CEB8-8B4A-11D0-8D11-00A0C91BC942}") = "SetSTL", "SetSTL.vcxproj", "{ADE310FE-04AE-4F2E-80D7-EC48B85307D0}"
EndProject
Global
	GlobalSection(SolutionConfigurationPlatforms) = preSolution
		Debug|x64 = Debug|x64
		Debug|x86 = Debug|x86
		Release|x64 = Release|x64
		Release|x86 = Release|x86
	EndGlobalSection
	GlobalSection(ProjectConfigurationPlatforms) = postSolution
		{ADE310FE-04AE-4F2E-80D7-EC48B85307D0}.Debug|x64.ActiveCfg = Debug|x64
		{ADE310FE-04AE-4F2E-80D7-EC48B85307D0}.Debug|x64.Build.0 = Debug|x64
		{ADE310FE-04AE-4F2E-80D7-EC48B85307D0}.Debug|x86.ActiveCfg = Debug|Win32
		{ADE310FE-04AE-4F2E-80D7-EC48B85307D0}.Debug|x86.Build.0 = Debug|Win32
		{ADE310FE-04AE-4F2E-80D7-EC48B85307D0}.Release|x64.ActiveCfg = Release|x64
		{ADE310FE-04AE-4F2E-80D7-EC48B85307D0}.Release|x64.Build.0 = Release|x64
		{ADE310FE-04AE-4F2E-80D7-EC48B85307D0}.Release|x86.ActiveCfg = Release|Win32
		{ADE310FE-04AE-4F2E-80D7-EC48B85307D0}.Release|x86.Build.0 = Release|Win32
	EndGlobalSection
	GlobalSection(SolutionProperties) = preSolution
		HideSolutionNode = FALSE
	EndGlobalSection
	GlobalSection(ExtensibilityGlobals) = postSolution
		SolutionGuid = {51E1A095-4713-4015-AFFD-4ACEFAC19959}
	EndGlobalSection
EndGlobal
