
Microsoft Visual Studio Solution File, Format Version 12.00
# Visual Studio Version 17
VisualStudioVersion = 17.3.32929.385
MinimumVisualStudioVersion = 10.0.40219.1
Project("{8BC9CEB8-8B4A-11D0-8D11-00A0C91BC942}") = "GetAddr", "GetAddr.vcxproj", "{0153CF4A-9A7E-4A46-8DE2-04EEC5446008}"
EndProject
Global
	GlobalSection(SolutionConfigurationPlatforms) = preSolution
		Debug|x64 = Debug|x64
		Debug|x86 = Debug|x86
		Release|x64 = Release|x64
		Release|x86 = Release|x86
	EndGlobalSection
	GlobalSection(ProjectConfigurationPlatforms) = postSolution
		{0153CF4A-9A7E-4A46-8DE2-04EEC5446008}.Debug|x64.ActiveCfg = Debug|x64
		{0153CF4A-9A7E-4A46-8DE2-04EEC5446008}.Debug|x64.Build.0 = Debug|x64
		{0153CF4A-9A7E-4A46-8DE2-04EEC5446008}.Debug|x86.ActiveCfg = Debug|Win32
		{0153CF4A-9A7E-4A46-8DE2-04EEC5446008}.Debug|x86.Build.0 = Debug|Win32
		{0153CF4A-9A7E-4A46-8DE2-04EEC5446008}.Release|x64.ActiveCfg = Release|x64
		{0153CF4A-9A7E-4A46-8DE2-04EEC5446008}.Release|x64.Build.0 = Release|x64
		{0153CF4A-9A7E-4A46-8DE2-04EEC5446008}.Release|x86.ActiveCfg = Release|Win32
		{0153CF4A-9A7E-4A46-8DE2-04EEC5446008}.Release|x86.Build.0 = Release|Win32
	EndGlobalSection
	GlobalSection(SolutionProperties) = preSolution
		HideSolutionNode = FALSE
	EndGlobalSection
	GlobalSection(ExtensibilityGlobals) = postSolution
		SolutionGuid = {44197583-D7B5-4135-9BE1-8ACE886D2B1D}
	EndGlobalSection
EndGlobal
